
Microsoft Visual Studio Solution File, Format Version 12.00
# Visual Studio Version 16
VisualStudioVersion = 16.0.29728.190
MinimumVisualStudioVersion = 10.0.40219.1
Project("{8BC9CEB8-8B4A-11D0-8D11-00A0C91BC942}") = "EcoSystem", "EcoSystem.vcxproj", "{76A39BB2-9B84-4C65-98A5-654D86B86F2A}"
	ProjectSection(ProjectDependencies) = postProject
		{98A51BA8-FC3A-415B-AC8F-8C7BD464E93E} = {98A51BA8-FC3A-415B-AC8F-8C7BD464E93E}
	EndProjectSection
EndProject
Project("{8BC9CEB8-8B4A-11D0-8D11-00A0C91BC942}") = "libcocos2d", "..\cocos2d\cocos\2d\libcocos2d.vcxproj", "{98A51BA8-FC3A-415B-AC8F-8C7BD464E93E}"
EndProject
Project("{8BC9CEB8-8B4A-11D0-8D11-00A0C91BC942}") = "libSpine", "..\cocos2d\cocos\editor-support\spine\proj.win32\libSpine.vcxproj", "{B7C2A162-DEC9-4418-972E-240AB3CBFCAE}"
EndProject
Project("{8BC9CEB8-8B4A-11D0-8D11-00A0C91BC942}") = "librecast", "..\cocos2d\external\recast\proj.win32\librecast.vcxproj", "{41E34993-647E-4282-8384-4AB1AE31A452}"
EndProject
Project("{54435603-DBB4-11D2-8724-00A0C9A8B90C}") = "Setup1", "..\Setup1\Setup1.vdproj", "{6E7515A4-0BF5-4A25-A8D3-667806701DB8}"
EndProject
Global
	GlobalSection(SolutionConfigurationPlatforms) = preSolution
		Debug|Win32 = Debug|Win32
		Release|Win32 = Release|Win32
	EndGlobalSection
	GlobalSection(ProjectConfigurationPlatforms) = postSolution
		{76A39BB2-9B84-4C65-98A5-654D86B86F2A}.Debug|Win32.ActiveCfg = Debug|Win32
		{76A39BB2-9B84-4C65-98A5-654D86B86F2A}.Debug|Win32.Build.0 = Debug|Win32
		{76A39BB2-9B84-4C65-98A5-654D86B86F2A}.Release|Win32.ActiveCfg = Release|Win32
		{76A39BB2-9B84-4C65-98A5-654D86B86F2A}.Release|Win32.Build.0 = Release|Win32
		{98A51BA8-FC3A-415B-AC8F-8C7BD464E93E}.Debug|Win32.ActiveCfg = Debug|Win32
		{98A51BA8-FC3A-415B-AC8F-8C7BD464E93E}.Debug|Win32.Build.0 = Debug|Win32
		{98A51BA8-FC3A-415B-AC8F-8C7BD464E93E}.Release|Win32.ActiveCfg = Release|Win32
		{98A51BA8-FC3A-415B-AC8F-8C7BD464E93E}.Release|Win32.Build.0 = Release|Win32
		{B7C2A162-DEC9-4418-972E-240AB3CBFCAE}.Debug|Win32.ActiveCfg = Debug|Win32
		{B7C2A162-DEC9-4418-972E-240AB3CBFCAE}.Debug|Win32.Build.0 = Debug|Win32
		{B7C2A162-DEC9-4418-972E-240AB3CBFCAE}.Release|Win32.ActiveCfg = Release|Win32
		{B7C2A162-DEC9-4418-972E-240AB3CBFCAE}.Release|Win32.Build.0 = Release|Win32
		{41E34993-647E-4282-8384-4AB1AE31A452}.Debug|Win32.ActiveCfg = Debug|Win32
		{41E34993-647E-4282-8384-4AB1AE31A452}.Debug|Win32.Build.0 = Debug|Win32
		{41E34993-647E-4282-8384-4AB1AE31A452}.Release|Win32.ActiveCfg = Release|Win32
		{41E34993-647E-4282-8384-4AB1AE31A452}.Release|Win32.Build.0 = Release|Win32
		{6E7515A4-0BF5-4A25-A8D3-667806701DB8}.Debug|Win32.ActiveCfg = Debug
		{6E7515A4-0BF5-4A25-A8D3-667806701DB8}.Release|Win32.ActiveCfg = Release
	EndGlobalSection
	GlobalSection(SolutionProperties) = preSolution
		HideSolutionNode = FALSE
	EndGlobalSection
	GlobalSection(ExtensibilityGlobals) = postSolution
		SolutionGuid = {12317DE7-C1B3-478B-8BC0-0BFB6CB461CB}
	EndGlobalSection
EndGlobal
